// !$*UTF8*$!
{
	archiveVersion = 1;
	classes = {
	};
	objectVersion = 42;
	objects = {

/* Begin PBXBuildFile section */
		04C95E7F6D10EEA59A62E0A2 /* moc_QFaustPreferences.cpp in Build Sources */ = {isa = PBXBuildFile; fileRef = 03738E9D7EE721962DD3B0F2 /* moc_QFaustPreferences.cpp */; settings = {ATTRIBUTES = (); }; };
		069D05B0128AE5DC7EE31738 /* QtCore.framework in Frameworks & Libraries */ = {isa = PBXBuildFile; fileRef = 7BC2E65A5E699A5E5D834CA2 /* QtCore.framework */; };
		08D8EC4D0C273BC5E194E43D /* QtSvg.framework in Frameworks & Libraries */ = {isa = PBXBuildFile; fileRef = 2D7FF9EBB69BCF2C19DC629B /* QtSvg.framework */; };
		0A029CFD33B3E9A8DE8A8F64 /* FaustHighlighter.cpp in Build Sources */ = {isa = PBXBuildFile; fileRef = A94079473555616D871774F9 /* FaustHighlighter.cpp */; settings = {ATTRIBUTES = (); }; };
		0ACC38E7431D8DCF8DAC48D4 /* MusicNotationHighlighter.cpp in Build Sources */ = {isa = PBXBuildFile; fileRef = 24C4AC8B7C9D0959A0243502 /* MusicNotationHighlighter.cpp */; settings = {ATTRIBUTES = (); }; };
		14F683F69BF768961F235C74 /* QFaustItem.cpp in Build Sources */ = {isa = PBXBuildFile; fileRef = 89EDE2E0491393844F38201F /* QFaustItem.cpp */; settings = {ATTRIBUTES = (); }; };
		1F416D2E1293DCD10088CAFB /* FaustWorks.app in Project Copy */ = {isa = PBXBuildFile; fileRef = 1F416D2B1293DCD10088CAFB /* FaustWorks.app */; };
		1F416D6A1293EAC20088CAFB /* coreaudio-qt in Bundle Resources */ = {isa = PBXBuildFile; fileRef = 1F416D691293EAC20088CAFB /* coreaudio-qt */; };
		1F416D6D1293EAE50088CAFB /* max-msp in Bundle Resources */ = {isa = PBXBuildFile; fileRef = 1F416D6B1293EAE50088CAFB /* max-msp */; };
		1F416D6E1293EAE50088CAFB /* puredata in Bundle Resources */ = {isa = PBXBuildFile; fileRef = 1F416D6C1293EAE50088CAFB /* puredata */; };
		1F416D6F1293EB070088CAFB /* max-msp in CopyFiles */ = {isa = PBXBuildFile; fileRef = 1F416D6B1293EAE50088CAFB /* max-msp */; };
		1F416D701293EB0B0088CAFB /* puredata in CopyFiles */ = {isa = PBXBuildFile; fileRef = 1F416D6C1293EAE50088CAFB /* puredata */; };
		1F416D711293EB100088CAFB /* coreaudio-qt in CopyFiles */ = {isa = PBXBuildFile; fileRef = 1F416D691293EAC20088CAFB /* coreaudio-qt */; };
		1F416DC0129431AD0088CAFB /* supercollider in Bundle Resources */ = {isa = PBXBuildFile; fileRef = 1F416DBF129431AD0088CAFB /* supercollider */; };
		1F416DC1129431C80088CAFB /* supercollider in CopyFiles */ = {isa = PBXBuildFile; fileRef = 1F416DBF129431AD0088CAFB /* supercollider */; };
		2B093CA6F071B023A473CED0 /* main.cpp in Build Sources */ = {isa = PBXBuildFile; fileRef = 118FCBAABA162BA17933C789 /* main.cpp */; settings = {ATTRIBUTES = (); }; };
		3191947187488CDE7D89421F /* QLanguageCommandPaletteLayout.cpp in Build Sources */ = {isa = PBXBuildFile; fileRef = FAFB0F5C83B721B37CF7BF27 /* QLanguageCommandPaletteLayout.cpp */; settings = {ATTRIBUTES = (); }; };
		3472D1D76CC968B88B3AEA13 /* QPaletteItem.cpp in Build Sources */ = {isa = PBXBuildFile; fileRef = 1C5DBEE8C8289A145B140977 /* QPaletteItem.cpp */; settings = {ATTRIBUTES = (); }; };
		358AA14860ACCC2CA1C366AB /* QFaustItemFactory.cpp in Build Sources */ = {isa = PBXBuildFile; fileRef = 543926A68499340B78144355 /* QFaustItemFactory.cpp */; settings = {ATTRIBUTES = (); }; };
		366E486A8C1EA8766F837C65 /* moc_QResolutionDialog.cpp in Build Sources */ = {isa = PBXBuildFile; fileRef = 976887B0A727D624E0539398 /* moc_QResolutionDialog.cpp */; settings = {ATTRIBUTES = (); }; };
		37E32F26BBE385295AAA079D /* moc_FaustMainWindow.cpp in Build Sources */ = {isa = PBXBuildFile; fileRef = 73AC21604D62F086CC68BFD8 /* moc_FaustMainWindow.cpp */; settings = {ATTRIBUTES = (); }; };
		4C402CB392408DC0DE940FD6 /* FaustMainWindow.cpp in Build Sources */ = {isa = PBXBuildFile; fileRef = E6514FBF1F335348C24C1618 /* FaustMainWindow.cpp */; settings = {ATTRIBUTES = (); }; };
		4EEF38E34CC628D1BED1A8D8 /* moc_QLanguageCommandPalette.cpp in Build Sources */ = {isa = PBXBuildFile; fileRef = D09C8AC280396938968A977C /* moc_QLanguageCommandPalette.cpp */; settings = {ATTRIBUTES = (); }; };
		501667F26B3C1FF6767A7C12 /* QtGui.framework in Frameworks & Libraries */ = {isa = PBXBuildFile; fileRef = 9B36DA7E32F0304E780E7972 /* QtGui.framework */; };
		59FEDCDA92C2428D91D8B4D6 /* QLanguageCommandPalette.cpp in Build Sources */ = {isa = PBXBuildFile; fileRef = 59C221D0BC62B119FB766F26 /* QLanguageCommandPalette.cpp */; settings = {ATTRIBUTES = (); }; };
		672D4286D35188B3AC2277AC /* MainWindowObjects.cpp in Build Sources */ = {isa = PBXBuildFile; fileRef = 60AA6CEE4D8B5B49BE0866B1 /* MainWindowObjects.cpp */; settings = {ATTRIBUTES = (); }; };
		6C4450AE951F463570C81EBE /* moc_QItemResizer.cpp in Build Sources */ = {isa = PBXBuildFile; fileRef = 3FD0D6C54B2E7CAC9D12273F /* moc_QItemResizer.cpp */; settings = {ATTRIBUTES = (); }; };
		6E8DF87E993D36C7325549C8 /* GraphicsSceneMainWindow.cpp in Build Sources */ = {isa = PBXBuildFile; fileRef = 5D711544CD3D43704F511E37 /* GraphicsSceneMainWindow.cpp */; settings = {ATTRIBUTES = (); }; };
		75500855A5B043E207AAB53D /* CPPHighlighter.cpp in Build Sources */ = {isa = PBXBuildFile; fileRef = 35B2ADB84A8A94F4A301FD37 /* CPPHighlighter.cpp */; settings = {ATTRIBUTES = (); }; };
		7B093FAEA0554F24BAB9B3B7 /* QItemResizer.cpp in Build Sources */ = {isa = PBXBuildFile; fileRef = F2D2481F4F3C7A6545BDB447 /* QItemResizer.cpp */; settings = {ATTRIBUTES = (); }; };
		81A1D1954D9BA65DA4E4B6F0 /* moc_QLanguageItem.cpp in Build Sources */ = {isa = PBXBuildFile; fileRef = E4EE33AB911B0F0733831D81 /* moc_QLanguageItem.cpp */; settings = {ATTRIBUTES = (); }; };
		8A7953F4A57D344C3ED2FC0D /* QResolutionDialog.cpp in Build Sources */ = {isa = PBXBuildFile; fileRef = C43031FB5B20A45C8C36919B /* QResolutionDialog.cpp */; settings = {ATTRIBUTES = (); }; };
		8C4795E94D81B3B66AAD6C80 /* qrc_application.cpp in Build Sources */ = {isa = PBXBuildFile; fileRef = F0CA0CF4033AD00CC4A7FED6 /* qrc_application.cpp */; settings = {ATTRIBUTES = (); }; };
		8D59C6A6733B26A503471D25 /* qrc_faust.cpp in Build Sources */ = {isa = PBXBuildFile; fileRef = 453C22521EAB1C553E16399E /* qrc_faust.cpp */; settings = {ATTRIBUTES = (); }; };
		94EE1D8B38BDFBA969C7863C /* QLanguageItem.cpp in Build Sources */ = {isa = PBXBuildFile; fileRef = D15A4B8E51981F24C6AAF0D7 /* QLanguageItem.cpp */; settings = {ATTRIBUTES = (); }; };
		97B59E4A8857C5E9954371D5 /* moc_QPaletteItem.cpp in Build Sources */ = {isa = PBXBuildFile; fileRef = FFF8C4BBF3E8A6D0C3349518 /* moc_QPaletteItem.cpp */; settings = {ATTRIBUTES = (); }; };
		A7ACD9ED32B6AC27BBAA6A31 /* moc_GraphicsSceneMainWindow.cpp in Build Sources */ = {isa = PBXBuildFile; fileRef = 171922BDD4D3A76389610442 /* moc_GraphicsSceneMainWindow.cpp */; settings = {ATTRIBUTES = (); }; };
		BFDB7AB4789144FE5AF07DCC /* QFaustPreferences.cpp in Build Sources */ = {isa = PBXBuildFile; fileRef = BA9B185DD185ACF499FD7C96 /* QFaustPreferences.cpp */; settings = {ATTRIBUTES = (); }; };
		C2643FEB592DBFD1429BE4E1 /* QtXml.framework in Frameworks & Libraries */ = {isa = PBXBuildFile; fileRef = 8EE92F8FA333C9E415C5B34E /* QtXml.framework */; };
		C5473914822B82EF61A1FA7A /* QLanguageCommandReader.cpp in Build Sources */ = {isa = PBXBuildFile; fileRef = 6FBD356F6D4900D2CA43CC7A /* QLanguageCommandReader.cpp */; settings = {ATTRIBUTES = (); }; };
		C61B793267C0C1CE0F73A5A6 /* moc_CPPHighlighter.cpp in Build Sources */ = {isa = PBXBuildFile; fileRef = 9CB6D49CDFBBECFFF3E56DFA /* moc_CPPHighlighter.cpp */; settings = {ATTRIBUTES = (); }; };
		CFF0DCCDD706F8AC5314BC27 /* moc_MainWindowObjects.cpp in Build Sources */ = {isa = PBXBuildFile; fileRef = 8CA365B7808A913C825E29A3 /* moc_MainWindowObjects.cpp */; settings = {ATTRIBUTES = (); }; };
		D04B6A07DC684F10B35CDB17 /* moc_QFaustItem.cpp in Build Sources */ = {isa = PBXBuildFile; fileRef = 670CD84F2ED65D00A7B409D6 /* moc_QFaustItem.cpp */; settings = {ATTRIBUTES = (); }; };
		F2EA4F7D3382D7EF9B624672 /* FaustWorks.icns in Bundle Resources */ = {isa = PBXBuildFile; fileRef = BF43F69FDFDD3584082966DB /* FaustWorks.icns */; settings = {ATTRIBUTES = (); }; };
/* End PBXBuildFile section */

/* Begin PBXCopyFilesBuildPhase section */
		1F416D671293EA0E0088CAFB /* CopyFiles */ = {
			isa = PBXCopyFilesBuildPhase;
			buildActionMask = 2147483647;
			dstPath = Contents/scripts.osx;
			dstSubfolderSpec = 1;
			files = (
				1F416DC1129431C80088CAFB /* supercollider in CopyFiles */,
				1F416D6F1293EB070088CAFB /* max-msp in CopyFiles */,
				1F416D701293EB0B0088CAFB /* puredata in CopyFiles */,
				1F416D711293EB100088CAFB /* coreaudio-qt in CopyFiles */,
			);
			runOnlyForDeploymentPostprocessing = 0;
		};
		F6069D5A5DA8AA28EDB8B3C6 /* Project Copy */ = {
			isa = PBXCopyFilesBuildPhase;
			buildActionMask = 2147483647;
			dstPath = /Users/orlarey/Develop/FAUST/FaustWorks;
			dstSubfolderSpec = 0;
			files = (
				1F416D2E1293DCD10088CAFB /* FaustWorks.app in Project Copy */,
			);
			name = "Project Copy";
			runOnlyForDeploymentPostprocessing = 0;
		};
/* End PBXCopyFilesBuildPhase section */

/* Begin PBXFileReference section */
		03738E9D7EE721962DD3B0F2 /* moc_QFaustPreferences.cpp */ = {isa = PBXFileReference; lastKnownFileType = sourcecode.cpp.cpp; path = moc_QFaustPreferences.cpp; sourceTree = "<group>"; };
		03F53E562B1F31029294D41E /* resource.h */ = {isa = PBXFileReference; lastKnownFileType = sourcecode.c.h; name = resource.h; path = Resources/resource.h; sourceTree = "<group>"; };
		1030B9DC4999EBDE3D7E2D1A /* QFaustPreferences.h */ = {isa = PBXFileReference; lastKnownFileType = sourcecode.c.h; path = QFaustPreferences.h; sourceTree = "<group>"; };
		10C39FB8FC7D76632650E96F /* FaustHighlighter.h */ = {isa = PBXFileReference; lastKnownFileType = sourcecode.c.h; path = FaustHighlighter.h; sourceTree = "<group>"; };
		112970AD839C2FC10E3CA4F3 /* CPPHighlighter.h */ = {isa = PBXFileReference; lastKnownFileType = sourcecode.c.h; path = CPPHighlighter.h; sourceTree = "<group>"; };
		118FCBAABA162BA17933C789 /* main.cpp */ = {isa = PBXFileReference; lastKnownFileType = sourcecode.cpp.cpp; path = main.cpp; sourceTree = "<group>"; };
		171922BDD4D3A76389610442 /* moc_GraphicsSceneMainWindow.cpp */ = {isa = PBXFileReference; lastKnownFileType = sourcecode.cpp.cpp; path = moc_GraphicsSceneMainWindow.cpp; sourceTree = "<group>"; };
		1C5DBEE8C8289A145B140977 /* QPaletteItem.cpp */ = {isa = PBXFileReference; lastKnownFileType = sourcecode.cpp.cpp; path = QPaletteItem.cpp; sourceTree = "<group>"; };
		1F416D2B1293DCD10088CAFB /* FaustWorks.app */ = {isa = PBXFileReference; explicitFileType = wrapper.application; includeInIndex = 0; path = FaustWorks.app; sourceTree = BUILT_PRODUCTS_DIR; };
		1F416D691293EAC20088CAFB /* coreaudio-qt */ = {isa = PBXFileReference; fileEncoding = 4; lastKnownFileType = text.script.sh; name = "coreaudio-qt"; path = "scripts.osx/coreaudio-qt"; sourceTree = "<group>"; };
		1F416D6B1293EAE50088CAFB /* max-msp */ = {isa = PBXFileReference; fileEncoding = 4; lastKnownFileType = text.script.sh; name = "max-msp"; path = "scripts.osx/max-msp"; sourceTree = "<group>"; };
		1F416D6C1293EAE50088CAFB /* puredata */ = {isa = PBXFileReference; fileEncoding = 4; lastKnownFileType = text.script.sh; name = puredata; path = scripts.osx/puredata; sourceTree = "<group>"; };
		1F416DBF129431AD0088CAFB /* supercollider */ = {isa = PBXFileReference; fileEncoding = 4; lastKnownFileType = text.script.sh; name = supercollider; path = scripts.osx/supercollider; sourceTree = "<group>"; };
		22964B758C7F97EB2C2EAA6D /* ui_FaustPreferences.h */ = {isa = PBXFileReference; lastKnownFileType = sourcecode.c.h; path = ui_FaustPreferences.h; sourceTree = "<group>"; };
		24C4AC8B7C9D0959A0243502 /* MusicNotationHighlighter.cpp */ = {isa = PBXFileReference; lastKnownFileType = sourcecode.cpp.cpp; path = MusicNotationHighlighter.cpp; sourceTree = "<group>"; };
		27F7CEE5053626A5F5D9E7FD /* QLanguageItemFactory.h */ = {isa = PBXFileReference; lastKnownFileType = sourcecode.c.h; path = QLanguageItemFactory.h; sourceTree = "<group>"; };
		2929A433642F3BF94A46D50B /* QResolutionDialog.h */ = {isa = PBXFileReference; lastKnownFileType = sourcecode.c.h; path = QResolutionDialog.h; sourceTree = "<group>"; };
		2C67864ED19201087F6CBFD0 /* MusicNotationHighlighter.h */ = {isa = PBXFileReference; lastKnownFileType = sourcecode.c.h; path = MusicNotationHighlighter.h; sourceTree = "<group>"; };
		2D7FF9EBB69BCF2C19DC629B /* QtSvg.framework */ = {isa = PBXFileReference; lastKnownFileType = wrapper.framework; name = QtSvg.framework; path = /Library/Frameworks/QtSvg.framework; sourceTree = "<absolute>"; };
		35B2ADB84A8A94F4A301FD37 /* CPPHighlighter.cpp */ = {isa = PBXFileReference; lastKnownFileType = sourcecode.cpp.cpp; path = CPPHighlighter.cpp; sourceTree = "<group>"; };
		3C7A8DAB4A2A7155076A3909 /* QLanguageCommandReader.h */ = {isa = PBXFileReference; lastKnownFileType = sourcecode.c.h; path = QLanguageCommandReader.h; sourceTree = "<group>"; };
		3FD0D6C54B2E7CAC9D12273F /* moc_QItemResizer.cpp */ = {isa = PBXFileReference; lastKnownFileType = sourcecode.cpp.cpp; path = moc_QItemResizer.cpp; sourceTree = "<group>"; };
		453C22521EAB1C553E16399E /* qrc_faust.cpp */ = {isa = PBXFileReference; lastKnownFileType = sourcecode.cpp.cpp; path = qrc_faust.cpp; sourceTree = "<group>"; };
		459FE5B613035C657FBAB00B /* QFaustItemFactory.h */ = {isa = PBXFileReference; lastKnownFileType = sourcecode.c.h; path = QFaustItemFactory.h; sourceTree = "<group>"; };
		47CB522A13BC353FEDF9EDF4 /* MainWindowObjects.h */ = {isa = PBXFileReference; lastKnownFileType = sourcecode.c.h; path = MainWindowObjects.h; sourceTree = "<group>"; };
		543926A68499340B78144355 /* QFaustItemFactory.cpp */ = {isa = PBXFileReference; lastKnownFileType = sourcecode.cpp.cpp; path = QFaustItemFactory.cpp; sourceTree = "<group>"; };
		576C7A0D12F7F19420AA1032 /* QSwitcher.h */ = {isa = PBXFileReference; lastKnownFileType = sourcecode.c.h; path = QSwitcher.h; sourceTree = "<group>"; };
		59C221D0BC62B119FB766F26 /* QLanguageCommandPalette.cpp */ = {isa = PBXFileReference; lastKnownFileType = sourcecode.cpp.cpp; path = QLanguageCommandPalette.cpp; sourceTree = "<group>"; };
		5BD8FBFA7E8DF3F75D58A8EA /* QFaustItem.h */ = {isa = PBXFileReference; lastKnownFileType = sourcecode.c.h; path = QFaustItem.h; sourceTree = "<group>"; };
		5D711544CD3D43704F511E37 /* GraphicsSceneMainWindow.cpp */ = {isa = PBXFileReference; lastKnownFileType = sourcecode.cpp.cpp; path = GraphicsSceneMainWindow.cpp; sourceTree = "<group>"; };
		60AA6CEE4D8B5B49BE0866B1 /* MainWindowObjects.cpp */ = {isa = PBXFileReference; lastKnownFileType = sourcecode.cpp.cpp; path = MainWindowObjects.cpp; sourceTree = "<group>"; };
		670CD84F2ED65D00A7B409D6 /* moc_QFaustItem.cpp */ = {isa = PBXFileReference; lastKnownFileType = sourcecode.cpp.cpp; path = moc_QFaustItem.cpp; sourceTree = "<group>"; };
		6DA3EA56185569E1CBF77C7E /* QPaletteItem.h */ = {isa = PBXFileReference; lastKnownFileType = sourcecode.c.h; path = QPaletteItem.h; sourceTree = "<group>"; };
		6FBD356F6D4900D2CA43CC7A /* QLanguageCommandReader.cpp */ = {isa = PBXFileReference; lastKnownFileType = sourcecode.cpp.cpp; path = QLanguageCommandReader.cpp; sourceTree = "<group>"; };
		70878D1337045126A9C8B111 /* ResolutionDialog.ui */ = {isa = PBXFileReference; lastKnownFileType = text; name = ResolutionDialog.ui; path = Forms/ResolutionDialog.ui; sourceTree = "<group>"; };
		724A7A547BAEC43D1E06F06D /* FaustPreferences.ui */ = {isa = PBXFileReference; lastKnownFileType = text; name = FaustPreferences.ui; path = Forms/FaustPreferences.ui; sourceTree = "<group>"; };
		73AC21604D62F086CC68BFD8 /* moc_FaustMainWindow.cpp */ = {isa = PBXFileReference; lastKnownFileType = sourcecode.cpp.cpp; path = moc_FaustMainWindow.cpp; sourceTree = "<group>"; };
		74CDD67FF4CEA4149B22E27A /* QItemResizer.h */ = {isa = PBXFileReference; lastKnownFileType = sourcecode.c.h; path = QItemResizer.h; sourceTree = "<group>"; };
		7BC2E65A5E699A5E5D834CA2 /* QtCore.framework */ = {isa = PBXFileReference; lastKnownFileType = wrapper.framework; name = QtCore.framework; path = /Library/Frameworks/QtCore.framework; sourceTree = "<absolute>"; };
		7EE1FA1FB5F861ED2E1FAEB6 /* QLanguageCommandPaletteLayout.h */ = {isa = PBXFileReference; lastKnownFileType = sourcecode.c.h; path = QLanguageCommandPaletteLayout.h; sourceTree = "<group>"; };
		89EDE2E0491393844F38201F /* QFaustItem.cpp */ = {isa = PBXFileReference; lastKnownFileType = sourcecode.cpp.cpp; path = QFaustItem.cpp; sourceTree = "<group>"; };
		8CA365B7808A913C825E29A3 /* moc_MainWindowObjects.cpp */ = {isa = PBXFileReference; lastKnownFileType = sourcecode.cpp.cpp; path = moc_MainWindowObjects.cpp; sourceTree = "<group>"; };
		8EE92F8FA333C9E415C5B34E /* QtXml.framework */ = {isa = PBXFileReference; lastKnownFileType = wrapper.framework; name = QtXml.framework; path = /Library/Frameworks/QtXml.framework; sourceTree = "<absolute>"; };
		976887B0A727D624E0539398 /* moc_QResolutionDialog.cpp */ = {isa = PBXFileReference; lastKnownFileType = sourcecode.cpp.cpp; path = moc_QResolutionDialog.cpp; sourceTree = "<group>"; };
		9B36DA7E32F0304E780E7972 /* QtGui.framework */ = {isa = PBXFileReference; lastKnownFileType = wrapper.framework; name = QtGui.framework; path = /Library/Frameworks/QtGui.framework; sourceTree = "<absolute>"; };
		9CB6D49CDFBBECFFF3E56DFA /* moc_CPPHighlighter.cpp */ = {isa = PBXFileReference; lastKnownFileType = sourcecode.cpp.cpp; path = moc_CPPHighlighter.cpp; sourceTree = "<group>"; };
		A0ADF1E76666DAD953A375AD /* FaustWorks.pro */ = {isa = PBXFileReference; lastKnownFileType = text; path = FaustWorks.pro; sourceTree = "<group>"; };
		A94079473555616D871774F9 /* FaustHighlighter.cpp */ = {isa = PBXFileReference; lastKnownFileType = sourcecode.cpp.cpp; path = FaustHighlighter.cpp; sourceTree = "<group>"; };
		AE09D1FCB93FD8270819BDC2 /* application.qrc */ = {isa = PBXFileReference; lastKnownFileType = text; name = application.qrc; path = Resources/application.qrc; sourceTree = "<group>"; };
		BA9B185DD185ACF499FD7C96 /* QFaustPreferences.cpp */ = {isa = PBXFileReference; lastKnownFileType = sourcecode.cpp.cpp; path = QFaustPreferences.cpp; sourceTree = "<group>"; };
		BF43F69FDFDD3584082966DB /* FaustWorks.icns */ = {isa = PBXFileReference; lastKnownFileType = image.icns; name = FaustWorks.icns; path = Resources/FaustWorks.icns; sourceTree = "<group>"; };
		C43031FB5B20A45C8C36919B /* QResolutionDialog.cpp */ = {isa = PBXFileReference; lastKnownFileType = sourcecode.cpp.cpp; path = QResolutionDialog.cpp; sourceTree = "<group>"; };
		D09C8AC280396938968A977C /* moc_QLanguageCommandPalette.cpp */ = {isa = PBXFileReference; lastKnownFileType = sourcecode.cpp.cpp; path = moc_QLanguageCommandPalette.cpp; sourceTree = "<group>"; };
		D15A4B8E51981F24C6AAF0D7 /* QLanguageItem.cpp */ = {isa = PBXFileReference; lastKnownFileType = sourcecode.cpp.cpp; path = QLanguageItem.cpp; sourceTree = "<group>"; };
		D3DD060AD552A175E849E884 /* GraphicsSceneMainWindow.h */ = {isa = PBXFileReference; lastKnownFileType = sourcecode.c.h; path = GraphicsSceneMainWindow.h; sourceTree = "<group>"; };
		D675050E00372307FA1DC69A /* FaustMainWindow.h */ = {isa = PBXFileReference; lastKnownFileType = sourcecode.c.h; path = FaustMainWindow.h; sourceTree = "<group>"; };
		E40DBFAFBB7E0C96D3E58EC3 /* faust.qrc */ = {isa = PBXFileReference; lastKnownFileType = text; name = faust.qrc; path = Resources/faust.qrc; sourceTree = "<group>"; };
		E4EE33AB911B0F0733831D81 /* moc_QLanguageItem.cpp */ = {isa = PBXFileReference; lastKnownFileType = sourcecode.cpp.cpp; path = moc_QLanguageItem.cpp; sourceTree = "<group>"; };
		E6514FBF1F335348C24C1618 /* FaustMainWindow.cpp */ = {isa = PBXFileReference; lastKnownFileType = sourcecode.cpp.cpp; path = FaustMainWindow.cpp; sourceTree = "<group>"; };
		E81F7EA6462B46701272DF0B /* QLanguageItem.h */ = {isa = PBXFileReference; lastKnownFileType = sourcecode.c.h; path = QLanguageItem.h; sourceTree = "<group>"; };
		F0CA0CF4033AD00CC4A7FED6 /* qrc_application.cpp */ = {isa = PBXFileReference; lastKnownFileType = sourcecode.cpp.cpp; path = qrc_application.cpp; sourceTree = "<group>"; };
		F2D2481F4F3C7A6545BDB447 /* QItemResizer.cpp */ = {isa = PBXFileReference; lastKnownFileType = sourcecode.cpp.cpp; path = QItemResizer.cpp; sourceTree = "<group>"; };
		F88633EF1B90CD8098BC282A /* ui_ResolutionDialog.h */ = {isa = PBXFileReference; lastKnownFileType = sourcecode.c.h; path = ui_ResolutionDialog.h; sourceTree = "<group>"; };
		FAFB0F5C83B721B37CF7BF27 /* QLanguageCommandPaletteLayout.cpp */ = {isa = PBXFileReference; lastKnownFileType = sourcecode.cpp.cpp; path = QLanguageCommandPaletteLayout.cpp; sourceTree = "<group>"; };
		FBC316A1FDD9C44FCD4C67E7 /* QLanguageCommandPalette.h */ = {isa = PBXFileReference; lastKnownFileType = sourcecode.c.h; path = QLanguageCommandPalette.h; sourceTree = "<group>"; };
		FFF8C4BBF3E8A6D0C3349518 /* moc_QPaletteItem.cpp */ = {isa = PBXFileReference; lastKnownFileType = sourcecode.cpp.cpp; path = moc_QPaletteItem.cpp; sourceTree = "<group>"; };
/* End PBXFileReference section */

/* Begin PBXFrameworksBuildPhase section */
		2A1043669E6E5A7426EA502A /* Frameworks & Libraries */ = {
			isa = PBXFrameworksBuildPhase;
			buildActionMask = 2147483647;
			files = (
				08D8EC4D0C273BC5E194E43D /* QtSvg.framework in Frameworks & Libraries */,
				C2643FEB592DBFD1429BE4E1 /* QtXml.framework in Frameworks & Libraries */,
				501667F26B3C1FF6767A7C12 /* QtGui.framework in Frameworks & Libraries */,
				069D05B0128AE5DC7EE31738 /* QtCore.framework in Frameworks & Libraries */,
			);
			name = "Frameworks & Libraries";
			runOnlyForDeploymentPostprocessing = 0;
		};
/* End PBXFrameworksBuildPhase section */

/* Begin PBXGroup section */
		00E15F23B279CE10AF64F03C /* Resources */ = {
			isa = PBXGroup;
			children = (
				BF43F69FDFDD3584082966DB /* FaustWorks.icns */,
			);
			name = Resources;
			sourceTree = "<group>";
		};
		05596AB53D8D521C69802C27 /* FaustWorks */ = {
			isa = PBXGroup;
			children = (
				1F416D681293EA820088CAFB /* scripts.osx */,
				FB61758D0F0FDA4BA867C3D5 /* Sources */,
				46E892BBB6BB6952967E0561 /* Temporary Sources */,
				883D7615C4D2DE3FA1218F12 /* Headers */,
				7CABE3C80E79AD2B307756D2 /* Sources [qmake] */,
				52C235EBF1C9B07808119459 /* Sources [RCC] */,
				EEC299C65D5017EB9DD513B0 /* Sources [UIC] */,
				ED1E82605DD74B483AF3C982 /* External Frameworks and Libraries */,
				1F416D2C1293DCD10088CAFB /* Products */,
			);
			name = FaustWorks;
			sourceTree = "<group>";
		};
		1F416D2C1293DCD10088CAFB /* Products */ = {
			isa = PBXGroup;
			children = (
				1F416D2B1293DCD10088CAFB /* FaustWorks.app */,
			);
			name = Products;
			sourceTree = "<group>";
		};
		1F416D681293EA820088CAFB /* scripts.osx */ = {
			isa = PBXGroup;
			children = (
				1F416DBF129431AD0088CAFB /* supercollider */,
				1F416D6B1293EAE50088CAFB /* max-msp */,
				1F416D6C1293EAE50088CAFB /* puredata */,
				1F416D691293EAC20088CAFB /* coreaudio-qt */,
			);
			name = scripts.osx;
			sourceTree = "<group>";
		};
		46E892BBB6BB6952967E0561 /* Temporary Sources */ = {
			isa = PBXGroup;
			children = (
				9CB6D49CDFBBECFFF3E56DFA /* moc_CPPHighlighter.cpp */,
				73AC21604D62F086CC68BFD8 /* moc_FaustMainWindow.cpp */,
				171922BDD4D3A76389610442 /* moc_GraphicsSceneMainWindow.cpp */,
				8CA365B7808A913C825E29A3 /* moc_MainWindowObjects.cpp */,
				670CD84F2ED65D00A7B409D6 /* moc_QFaustItem.cpp */,
				03738E9D7EE721962DD3B0F2 /* moc_QFaustPreferences.cpp */,
				3FD0D6C54B2E7CAC9D12273F /* moc_QItemResizer.cpp */,
				D09C8AC280396938968A977C /* moc_QLanguageCommandPalette.cpp */,
				E4EE33AB911B0F0733831D81 /* moc_QLanguageItem.cpp */,
				FFF8C4BBF3E8A6D0C3349518 /* moc_QPaletteItem.cpp */,
				976887B0A727D624E0539398 /* moc_QResolutionDialog.cpp */,
				F0CA0CF4033AD00CC4A7FED6 /* qrc_application.cpp */,
				453C22521EAB1C553E16399E /* qrc_faust.cpp */,
				22964B758C7F97EB2C2EAA6D /* ui_FaustPreferences.h */,
				F88633EF1B90CD8098BC282A /* ui_ResolutionDialog.h */,
			);
			name = "Temporary Sources";
			sourceTree = "<group>";
		};
		4DC4E95A00171707C81954C8 /* Resources */ = {
			isa = PBXGroup;
			children = (
				03F53E562B1F31029294D41E /* resource.h */,
			);
			name = Resources;
			sourceTree = "<group>";
		};
		52C235EBF1C9B07808119459 /* Sources [RCC] */ = {
			isa = PBXGroup;
			children = (
				718DFC625E1350B1DF195DE3 /* Resources */,
			);
			name = "Sources [RCC]";
			sourceTree = "<group>";
		};
		718DFC625E1350B1DF195DE3 /* Resources */ = {
			isa = PBXGroup;
			children = (
				AE09D1FCB93FD8270819BDC2 /* application.qrc */,
				E40DBFAFBB7E0C96D3E58EC3 /* faust.qrc */,
			);
			name = Resources;
			sourceTree = "<group>";
		};
		7CABE3C80E79AD2B307756D2 /* Sources [qmake] */ = {
			isa = PBXGroup;
			children = (
				A0ADF1E76666DAD953A375AD /* FaustWorks.pro */,
			);
			name = "Sources [qmake]";
			sourceTree = "<group>";
		};
		883D7615C4D2DE3FA1218F12 /* Headers */ = {
			isa = PBXGroup;
			children = (
				112970AD839C2FC10E3CA4F3 /* CPPHighlighter.h */,
				10C39FB8FC7D76632650E96F /* FaustHighlighter.h */,
				D675050E00372307FA1DC69A /* FaustMainWindow.h */,
				D3DD060AD552A175E849E884 /* GraphicsSceneMainWindow.h */,
				47CB522A13BC353FEDF9EDF4 /* MainWindowObjects.h */,
				2C67864ED19201087F6CBFD0 /* MusicNotationHighlighter.h */,
				5BD8FBFA7E8DF3F75D58A8EA /* QFaustItem.h */,
				459FE5B613035C657FBAB00B /* QFaustItemFactory.h */,
				1030B9DC4999EBDE3D7E2D1A /* QFaustPreferences.h */,
				74CDD67FF4CEA4149B22E27A /* QItemResizer.h */,
				FBC316A1FDD9C44FCD4C67E7 /* QLanguageCommandPalette.h */,
				7EE1FA1FB5F861ED2E1FAEB6 /* QLanguageCommandPaletteLayout.h */,
				3C7A8DAB4A2A7155076A3909 /* QLanguageCommandReader.h */,
				E81F7EA6462B46701272DF0B /* QLanguageItem.h */,
				27F7CEE5053626A5F5D9E7FD /* QLanguageItemFactory.h */,
				6DA3EA56185569E1CBF77C7E /* QPaletteItem.h */,
				2929A433642F3BF94A46D50B /* QResolutionDialog.h */,
				576C7A0D12F7F19420AA1032 /* QSwitcher.h */,
				4DC4E95A00171707C81954C8 /* Resources */,
			);
			name = Headers;
			sourceTree = "<group>";
		};
		ED1E82605DD74B483AF3C982 /* External Frameworks and Libraries */ = {
			isa = PBXGroup;
			children = (
				2D7FF9EBB69BCF2C19DC629B /* QtSvg.framework */,
				8EE92F8FA333C9E415C5B34E /* QtXml.framework */,
				9B36DA7E32F0304E780E7972 /* QtGui.framework */,
				7BC2E65A5E699A5E5D834CA2 /* QtCore.framework */,
			);
			name = "External Frameworks and Libraries";
			sourceTree = "<group>";
		};
		EEC299C65D5017EB9DD513B0 /* Sources [UIC] */ = {
			isa = PBXGroup;
			children = (
				F7B27F6D3627AE8818E9B86C /* Forms */,
			);
			name = "Sources [UIC]";
			sourceTree = "<group>";
		};
		F7B27F6D3627AE8818E9B86C /* Forms */ = {
			isa = PBXGroup;
			children = (
				724A7A547BAEC43D1E06F06D /* FaustPreferences.ui */,
				70878D1337045126A9C8B111 /* ResolutionDialog.ui */,
			);
			name = Forms;
			sourceTree = "<group>";
		};
		FB61758D0F0FDA4BA867C3D5 /* Sources */ = {
			isa = PBXGroup;
			children = (
				35B2ADB84A8A94F4A301FD37 /* CPPHighlighter.cpp */,
				A94079473555616D871774F9 /* FaustHighlighter.cpp */,
				E6514FBF1F335348C24C1618 /* FaustMainWindow.cpp */,
				5D711544CD3D43704F511E37 /* GraphicsSceneMainWindow.cpp */,
				118FCBAABA162BA17933C789 /* main.cpp */,
				60AA6CEE4D8B5B49BE0866B1 /* MainWindowObjects.cpp */,
				24C4AC8B7C9D0959A0243502 /* MusicNotationHighlighter.cpp */,
				89EDE2E0491393844F38201F /* QFaustItem.cpp */,
				543926A68499340B78144355 /* QFaustItemFactory.cpp */,
				BA9B185DD185ACF499FD7C96 /* QFaustPreferences.cpp */,
				F2D2481F4F3C7A6545BDB447 /* QItemResizer.cpp */,
				59C221D0BC62B119FB766F26 /* QLanguageCommandPalette.cpp */,
				FAFB0F5C83B721B37CF7BF27 /* QLanguageCommandPaletteLayout.cpp */,
				6FBD356F6D4900D2CA43CC7A /* QLanguageCommandReader.cpp */,
				D15A4B8E51981F24C6AAF0D7 /* QLanguageItem.cpp */,
				1C5DBEE8C8289A145B140977 /* QPaletteItem.cpp */,
				C43031FB5B20A45C8C36919B /* QResolutionDialog.cpp */,
				00E15F23B279CE10AF64F03C /* Resources */,
			);
			name = Sources;
			sourceTree = "<group>";
		};
/* End PBXGroup section */

/* Begin PBXNativeTarget section */
		42F95628793B815A036AF172 /* FaustWorks */ = {
			isa = PBXNativeTarget;
			buildConfigurationList = 1F416D3E1293DCEF0088CAFB /* Build configuration list for PBXNativeTarget "FaustWorks" */;
			buildPhases = (
				D7BA7D76DAB5DD13389D6332 /* Qt Qmake */,
				A0A52A2ADF7A1E2A99738674 /* Qt Preprocessors */,
				F6069D5A5DA8AA28EDB8B3C6 /* Project Copy */,
				C29B8785722055ED95EF7B57 /* Build Sources */,
				2A1043669E6E5A7426EA502A /* Frameworks & Libraries */,
				3787F99312C85FF0073FD7BA /* Bundle Resources */,
				1F416D671293EA0E0088CAFB /* CopyFiles */,
			);
			buildRules = (
			);
			dependencies = (
			);
			name = FaustWorks;
			productName = FaustWorks;
			productReference = 1F416D2B1293DCD10088CAFB /* FaustWorks.app */;
			productType = "com.apple.product-type.application";
		};
/* End PBXNativeTarget section */

/* Begin PBXProject section */
		91B15E841AA80083484172DE /* Project object */ = {
			isa = PBXProject;
			buildConfigurationList = 2A951308CDB28F104D0A4BD2 /* Build configuration list for PBXProject "FaustWorks" */;
			compatibilityVersion = "Xcode 2.4";
			hasScannedForEncodings = 1;
			mainGroup = 05596AB53D8D521C69802C27 /* FaustWorks */;
			productRefGroup = 1F416D2C1293DCD10088CAFB /* Products */;
			projectDirPath = "";
			projectRoot = "";
			targets = (
				42F95628793B815A036AF172 /* FaustWorks */,
			);
		};
/* End PBXProject section */

/* Begin PBXResourcesBuildPhase section */
		3787F99312C85FF0073FD7BA /* Bundle Resources */ = {
			isa = PBXResourcesBuildPhase;
			buildActionMask = 2147483647;
			files = (
				F2EA4F7D3382D7EF9B624672 /* FaustWorks.icns in Bundle Resources */,
				1F416D6A1293EAC20088CAFB /* coreaudio-qt in Bundle Resources */,
				1F416D6D1293EAE50088CAFB /* max-msp in Bundle Resources */,
				1F416D6E1293EAE50088CAFB /* puredata in Bundle Resources */,
				1F416DC0129431AD0088CAFB /* supercollider in Bundle Resources */,
			);
			name = "Bundle Resources";
			runOnlyForDeploymentPostprocessing = 0;
		};
/* End PBXResourcesBuildPhase section */

/* Begin PBXShellScriptBuildPhase section */
		A0A52A2ADF7A1E2A99738674 /* Qt Preprocessors */ = {
			isa = PBXShellScriptBuildPhase;
			buildActionMask = 2147483647;
			files = (
			);
			name = "Qt Preprocessors";
			runOnlyForDeploymentPostprocessing = 0;
			shellPath = /bin/sh;
			shellScript = "make -C /Users/orlarey/Develop/FAUST/FaustWorks -f 'FaustWorks.xcodeproj/qt_preprocess.mak'";
		};
		D7BA7D76DAB5DD13389D6332 /* Qt Qmake */ = {
			isa = PBXShellScriptBuildPhase;
			buildActionMask = 2147483647;
			files = (
			);
			name = "Qt Qmake";
			runOnlyForDeploymentPostprocessing = 0;
			shellPath = /bin/sh;
			shellScript = "make -C /Users/orlarey/Develop/FAUST/FaustWorks -f 'FaustWorks.xcodeproj/qt_makeqmake.mak'";
		};
/* End PBXShellScriptBuildPhase section */

/* Begin PBXSourcesBuildPhase section */
		C29B8785722055ED95EF7B57 /* Build Sources */ = {
			isa = PBXSourcesBuildPhase;
			buildActionMask = 2147483647;
			files = (
				75500855A5B043E207AAB53D /* CPPHighlighter.cpp in Build Sources */,
				0A029CFD33B3E9A8DE8A8F64 /* FaustHighlighter.cpp in Build Sources */,
				4C402CB392408DC0DE940FD6 /* FaustMainWindow.cpp in Build Sources */,
				6E8DF87E993D36C7325549C8 /* GraphicsSceneMainWindow.cpp in Build Sources */,
				2B093CA6F071B023A473CED0 /* main.cpp in Build Sources */,
				672D4286D35188B3AC2277AC /* MainWindowObjects.cpp in Build Sources */,
				0ACC38E7431D8DCF8DAC48D4 /* MusicNotationHighlighter.cpp in Build Sources */,
				14F683F69BF768961F235C74 /* QFaustItem.cpp in Build Sources */,
				358AA14860ACCC2CA1C366AB /* QFaustItemFactory.cpp in Build Sources */,
				BFDB7AB4789144FE5AF07DCC /* QFaustPreferences.cpp in Build Sources */,
				7B093FAEA0554F24BAB9B3B7 /* QItemResizer.cpp in Build Sources */,
				59FEDCDA92C2428D91D8B4D6 /* QLanguageCommandPalette.cpp in Build Sources */,
				3191947187488CDE7D89421F /* QLanguageCommandPaletteLayout.cpp in Build Sources */,
				C5473914822B82EF61A1FA7A /* QLanguageCommandReader.cpp in Build Sources */,
				94EE1D8B38BDFBA969C7863C /* QLanguageItem.cpp in Build Sources */,
				3472D1D76CC968B88B3AEA13 /* QPaletteItem.cpp in Build Sources */,
				8A7953F4A57D344C3ED2FC0D /* QResolutionDialog.cpp in Build Sources */,
				C61B793267C0C1CE0F73A5A6 /* moc_CPPHighlighter.cpp in Build Sources */,
				37E32F26BBE385295AAA079D /* moc_FaustMainWindow.cpp in Build Sources */,
				A7ACD9ED32B6AC27BBAA6A31 /* moc_GraphicsSceneMainWindow.cpp in Build Sources */,
				CFF0DCCDD706F8AC5314BC27 /* moc_MainWindowObjects.cpp in Build Sources */,
				D04B6A07DC684F10B35CDB17 /* moc_QFaustItem.cpp in Build Sources */,
				04C95E7F6D10EEA59A62E0A2 /* moc_QFaustPreferences.cpp in Build Sources */,
				6C4450AE951F463570C81EBE /* moc_QItemResizer.cpp in Build Sources */,
				4EEF38E34CC628D1BED1A8D8 /* moc_QLanguageCommandPalette.cpp in Build Sources */,
				81A1D1954D9BA65DA4E4B6F0 /* moc_QLanguageItem.cpp in Build Sources */,
				97B59E4A8857C5E9954371D5 /* moc_QPaletteItem.cpp in Build Sources */,
				366E486A8C1EA8766F837C65 /* moc_QResolutionDialog.cpp in Build Sources */,
				8C4795E94D81B3B66AAD6C80 /* qrc_application.cpp in Build Sources */,
				8D59C6A6733B26A503471D25 /* qrc_faust.cpp in Build Sources */,
			);
			name = "Build Sources";
			runOnlyForDeploymentPostprocessing = 0;
		};
/* End PBXSourcesBuildPhase section */

/* Begin XCBuildConfiguration section */
		1F416D3A1293DCD10088CAFB /* Debug */ = {
			isa = XCBuildConfiguration;
			buildSettings = {
				BUILD_ROOT = /Users/orlarey/Develop/FAUST/FaustWorks;
				COPY_PHASE_STRIP = NO;
				DYLIB_COMPATIBILITY_VERSION = 1.0;
				DYLIB_CURRENT_VERSION = 1.0.0;
				GCC_GENERATE_DEBUGGING_SYMBOLS = YES;
				GCC_OPTIMIZATION_LEVEL = 0;
				HEADER_SEARCH_PATHS = (
					/Library/Frameworks/QtCore.framework/Versions/4/Headers,
					/usr/include/QtCore,
					/Library/Frameworks/QtGui.framework/Versions/4/Headers,
					/usr/include/QtGui,
					/Library/Frameworks/QtXml.framework/Versions/4/Headers,
					/usr/include/QtXml,
					/Library/Frameworks/QtSvg.framework/Versions/4/Headers,
					/usr/include/QtSvg,
					/usr/include,
					.,
					.,
					.,
					/usr/local/include,
					/System/Library/Frameworks/CarbonCore.framework/Headers,
					"/usr/local/Qt4.7/mkspecs/macx-xcode",
				);
				INFOPLIST_FILE = Info.plist;
				LEXFLAGS = "";
				LIBRARY_SEARCH_PATHS = (
					/Library/Frameworks,
					"/tmp/qt-stuff-6474/source/qt-everywhere-opensource-src-4.7.0/lib",
				);
				MACOSX_DEPLOYMENT_TARGET = 10.4;
				OTHER_CFLAGS = (
					"-pipe",
					"-g",
					"-Wall",
					"-W",
					"-DQT_SVG_LIB",
					"-DQT_XML_LIB",
					"-DQT_GUI_LIB",
					"-DQT_CORE_LIB",
					"-DQT_SHARED",
				);
				OTHER_CPLUSPLUSFLAGS = (
					"-pipe",
					"-g",
					"-Wall",
					"-W",
					"-DQT_SVG_LIB",
					"-DQT_XML_LIB",
					"-DQT_GUI_LIB",
					"-DQT_CORE_LIB",
					"-DQT_SHARED",
				);
				OTHER_LDFLAGS = (
					"-headerpad_max_install_names",
					"-L/Library/Frameworks",
					"-F/Library/Frameworks",
					"-L/tmp/qt-stuff-6474/source/qt-everywhere-opensource-src-4.7.0/lib",
					"-F/tmp/qt-stuff-6474/source/qt-everywhere-opensource-src-4.7.0/lib",
				);
				OTHER_REZFLAGS = "";
				PREBINDING = NO;
				PRODUCT_NAME = FaustWorks;
				SECTORDER_FLAGS = "";
				WARNING_CFLAGS = "";
				YACCFLAGS = "-d";
			};
			name = Debug;
		};
		1F416D3B1293DCD10088CAFB /* Release */ = {
			isa = XCBuildConfiguration;
			buildSettings = {
				BUILD_ROOT = /Users/orlarey/Develop/FAUST/FaustWorks;
				COPY_PHASE_STRIP = YES;
				DYLIB_COMPATIBILITY_VERSION = 1.0;
				DYLIB_CURRENT_VERSION = 1.0.0;
				GCC_GENERATE_DEBUGGING_SYMBOLS = NO;
				HEADER_SEARCH_PATHS = (
					/Library/Frameworks/QtCore.framework/Versions/4/Headers,
					/usr/include/QtCore,
					/Library/Frameworks/QtGui.framework/Versions/4/Headers,
					/usr/include/QtGui,
					/Library/Frameworks/QtXml.framework/Versions/4/Headers,
					/usr/include/QtXml,
					/Library/Frameworks/QtSvg.framework/Versions/4/Headers,
					/usr/include/QtSvg,
					/usr/include,
					.,
					.,
					.,
					/usr/local/include,
					/System/Library/Frameworks/CarbonCore.framework/Headers,
					"/usr/local/Qt4.7/mkspecs/macx-xcode",
				);
				INFOPLIST_FILE = Info.plist;
				LEXFLAGS = "";
				LIBRARY_SEARCH_PATHS = (
					/Library/Frameworks,
					"/tmp/qt-stuff-6474/source/qt-everywhere-opensource-src-4.7.0/lib",
				);
				MACOSX_DEPLOYMENT_TARGET = 10.4;
				OTHER_CFLAGS = (
					"-pipe",
					"-g",
					"-Wall",
					"-W",
					"-DQT_SVG_LIB",
					"-DQT_XML_LIB",
					"-DQT_GUI_LIB",
					"-DQT_CORE_LIB",
					"-DQT_SHARED",
				);
				OTHER_CPLUSPLUSFLAGS = (
					"-pipe",
					"-g",
					"-Wall",
					"-W",
					"-DQT_SVG_LIB",
					"-DQT_XML_LIB",
					"-DQT_GUI_LIB",
					"-DQT_CORE_LIB",
					"-DQT_SHARED",
				);
				OTHER_LDFLAGS = (
					"-headerpad_max_install_names",
					"-L/Library/Frameworks",
					"-F/Library/Frameworks",
					"-L/tmp/qt-stuff-6474/source/qt-everywhere-opensource-src-4.7.0/lib",
					"-F/tmp/qt-stuff-6474/source/qt-everywhere-opensource-src-4.7.0/lib",
				);
				OTHER_REZFLAGS = "";
				PREBINDING = NO;
				PRODUCT_NAME = FaustWorks;
				SECTORDER_FLAGS = "";
				WARNING_CFLAGS = "";
				YACCFLAGS = "-d";
			};
			name = Release;
		};
		1F416D3C1293DCD10088CAFB /* Default */ = {
			isa = XCBuildConfiguration;
			buildSettings = {
				BUILD_ROOT = /Users/orlarey/Develop/FAUST/FaustWorks;
				DYLIB_COMPATIBILITY_VERSION = 1.0;
				DYLIB_CURRENT_VERSION = 1.0.0;
				HEADER_SEARCH_PATHS = (
					/Library/Frameworks/QtCore.framework/Versions/4/Headers,
					/usr/include/QtCore,
					/Library/Frameworks/QtGui.framework/Versions/4/Headers,
					/usr/include/QtGui,
					/Library/Frameworks/QtXml.framework/Versions/4/Headers,
					/usr/include/QtXml,
					/Library/Frameworks/QtSvg.framework/Versions/4/Headers,
					/usr/include/QtSvg,
					/usr/include,
					.,
					.,
					.,
					/usr/local/include,
					/System/Library/Frameworks/CarbonCore.framework/Headers,
					"/usr/local/Qt4.7/mkspecs/macx-xcode",
				);
				INFOPLIST_FILE = Info.plist;
				LEXFLAGS = "";
				LIBRARY_SEARCH_PATHS = (
					/Library/Frameworks,
					"/tmp/qt-stuff-6474/source/qt-everywhere-opensource-src-4.7.0/lib",
				);
				MACOSX_DEPLOYMENT_TARGET = 10.4;
				OTHER_CFLAGS = (
					"-pipe",
					"-g",
					"-Wall",
					"-W",
					"-DQT_SVG_LIB",
					"-DQT_XML_LIB",
					"-DQT_GUI_LIB",
					"-DQT_CORE_LIB",
					"-DQT_SHARED",
				);
				OTHER_CPLUSPLUSFLAGS = (
					"-pipe",
					"-g",
					"-Wall",
					"-W",
					"-DQT_SVG_LIB",
					"-DQT_XML_LIB",
					"-DQT_GUI_LIB",
					"-DQT_CORE_LIB",
					"-DQT_SHARED",
				);
				OTHER_LDFLAGS = (
					"-headerpad_max_install_names",
					"-L/Library/Frameworks",
					"-F/Library/Frameworks",
					"-L/tmp/qt-stuff-6474/source/qt-everywhere-opensource-src-4.7.0/lib",
					"-F/tmp/qt-stuff-6474/source/qt-everywhere-opensource-src-4.7.0/lib",
				);
				OTHER_REZFLAGS = "";
				PREBINDING = NO;
				PRODUCT_NAME = FaustWorks;
				SECTORDER_FLAGS = "";
				WARNING_CFLAGS = "";
				YACCFLAGS = "-d";
			};
			name = Default;
		};
		8DB1DD96F65B1BF1FFC506E0 /* Debug */ = {
			isa = XCBuildConfiguration;
			buildSettings = {
				COPY_PHASE_STRIP = NO;
				GCC_GENERATE_DEBUGGING_SYMBOLS = YES;
				GCC_OPTIMIZATION_LEVEL = 0;
			};
			name = Debug;
		};
		95E1EB2E5DDD587BE5B3E548 /* Release */ = {
			isa = XCBuildConfiguration;
			buildSettings = {
				COPY_PHASE_STRIP = YES;
				GCC_GENERATE_DEBUGGING_SYMBOLS = NO;
			};
			name = Release;
		};
/* End XCBuildConfiguration section */

/* Begin XCConfigurationList section */
		1F416D3E1293DCEF0088CAFB /* Build configuration list for PBXNativeTarget "FaustWorks" */ = {
			isa = XCConfigurationList;
			buildConfigurations = (
				1F416D3A1293DCD10088CAFB /* Debug */,
				1F416D3B1293DCD10088CAFB /* Release */,
				1F416D3C1293DCD10088CAFB /* Default */,
			);
			defaultConfigurationIsVisible = 0;
			defaultConfigurationName = Default;
		};
		2A951308CDB28F104D0A4BD2 /* Build configuration list for PBXProject "FaustWorks" */ = {
			isa = XCConfigurationList;
			buildConfigurations = (
				8DB1DD96F65B1BF1FFC506E0 /* Debug */,
				95E1EB2E5DDD587BE5B3E548 /* Release */,
			);
			defaultConfigurationIsVisible = 0;
			defaultConfigurationName = Release;
		};
/* End XCConfigurationList section */
	};
	rootObject = 91B15E841AA80083484172DE /* Project object */;
}
